// !$*UTF8*$!
{
	archiveVersion = 1;
	classes = {
	};
	objectVersion = 48;
	objects = {

/* Begin PBXBuildFile section */
		188824CA20440BC100D9DFB4 /* AppDelegate.swift in Sources */ = {isa = PBXBuildFile; fileRef = 188824C920440BC100D9DFB4 /* AppDelegate.swift */; };
		188824CC20440BC100D9DFB4 /* ViewController.swift in Sources */ = {isa = PBXBuildFile; fileRef = 188824CB20440BC100D9DFB4 /* ViewController.swift */; };
		188824CF20440BC100D9DFB4 /* Main.storyboard in Resources */ = {isa = PBXBuildFile; fileRef = 188824CD20440BC100D9DFB4 /* Main.storyboard */; };
		188824D120440BC100D9DFB4 /* Assets.xcassets in Resources */ = {isa = PBXBuildFile; fileRef = 188824D020440BC100D9DFB4 /* Assets.xcassets */; };
		188824D420440BC100D9DFB4 /* LaunchScreen.storyboard in Resources */ = {isa = PBXBuildFile; fileRef = 188824D220440BC100D9DFB4 /* LaunchScreen.storyboard */; };
		188824DC20440D0800D9DFB4 /* ButtonExtensions.swift in Sources */ = {isa = PBXBuildFile; fileRef = 188824DB20440D0800D9DFB4 /* ButtonExtensions.swift */; };
		188824DE2044134000D9DFB4 /* Helpers.swift in Sources */ = {isa = PBXBuildFile; fileRef = 188824DD2044134000D9DFB4 /* Helpers.swift */; };
/* End PBXBuildFile section */

/* Begin PBXFileReference section */
		188824C620440BC100D9DFB4 /* ButtonExtensions.app */ = {isa = PBXFileReference; explicitFileType = wrapper.application; includeInIndex = 0; path = ButtonExtensions.app; sourceTree = BUILT_PRODUCTS_DIR; };
		188824C920440BC100D9DFB4 /* AppDelegate.swift */ = {isa = PBXFileReference; lastKnownFileType = sourcecode.swift; path = AppDelegate.swift; sourceTree = "<group>"; };
		188824CB20440BC100D9DFB4 /* ViewController.swift */ = {isa = PBXFileReference; lastKnownFileType = sourcecode.swift; path = ViewController.swift; sourceTree = "<group>"; };
		188824CE20440BC100D9DFB4 /* Base */ = {isa = PBXFileReference; lastKnownFileType = file.storyboard; name = Base; path = Base.lproj/Main.storyboard; sourceTree = "<group>"; };
		188824D020440BC100D9DFB4 /* Assets.xcassets */ = {isa = PBXFileReference; lastKnownFileType = folder.assetcatalog; path = Assets.xcassets; sourceTree = "<group>"; };
		188824D320440BC100D9DFB4 /* Base */ = {isa = PBXFileReference; lastKnownFileType = file.storyboard; name = Base; path = Base.lproj/LaunchScreen.storyboard; sourceTree = "<group>"; };
		188824D520440BC100D9DFB4 /* Info.plist */ = {isa = PBXFileReference; lastKnownFileType = text.plist.xml; path = Info.plist; sourceTree = "<group>"; };
		188824DB20440D0800D9DFB4 /* ButtonExtensions.swift */ = {isa = PBXFileReference; lastKnownFileType = sourcecode.swift; path = ButtonExtensions.swift; sourceTree = "<group>"; };
		188824DD2044134000D9DFB4 /* Helpers.swift */ = {isa = PBXFileReference; lastKnownFileType = sourcecode.swift; path = Helpers.swift; sourceTree = "<group>"; };
/* End PBXFileReference section */

/* Begin PBXFrameworksBuildPhase section */
		188824C320440BC100D9DFB4 /* Frameworks */ = {
			isa = PBXFrameworksBuildPhase;
			buildActionMask = 2147483647;
			files = (
			);
			runOnlyForDeploymentPostprocessing = 0;
		};
/* End PBXFrameworksBuildPhase section */

/* Begin PBXGroup section */
		188824BD20440BC000D9DFB4 = {
			isa = PBXGroup;
			children = (
				188824C820440BC100D9DFB4 /* ButtonExtensions */,
				188824C720440BC100D9DFB4 /* Products */,
			);
			sourceTree = "<group>";
		};
		188824C720440BC100D9DFB4 /* Products */ = {
			isa = PBXGroup;
			children = (
				188824C620440BC100D9DFB4 /* ButtonExtensions.app */,
			);
			name = Products;
			sourceTree = "<group>";
		};
		188824C820440BC100D9DFB4 /* ButtonExtensions */ = {
			isa = PBXGroup;
			children = (
				188824C920440BC100D9DFB4 /* AppDelegate.swift */,
				188824CB20440BC100D9DFB4 /* ViewController.swift */,
				188824DB20440D0800D9DFB4 /* ButtonExtensions.swift */,
				188824DD2044134000D9DFB4 /* Helpers.swift */,
				188824CD20440BC100D9DFB4 /* Main.storyboard */,
				188824D020440BC100D9DFB4 /* Assets.xcassets */,
				188824D220440BC100D9DFB4 /* LaunchScreen.storyboard */,
				188824D520440BC100D9DFB4 /* Info.plist */,
			);
			path = ButtonExtensions;
			sourceTree = "<group>";
		};
/* End PBXGroup section */

/* Begin PBXNativeTarget section */
		188824C520440BC100D9DFB4 /* ButtonExtensions */ = {
			isa = PBXNativeTarget;
			buildConfigurationList = 188824D820440BC100D9DFB4 /* Build configuration list for PBXNativeTarget "ButtonExtensions" */;
			buildPhases = (
				188824C220440BC100D9DFB4 /* Sources */,
				188824C320440BC100D9DFB4 /* Frameworks */,
				188824C420440BC100D9DFB4 /* Resources */,
			);
			buildRules = (
			);
			dependencies = (
			);
			name = ButtonExtensions;
			productName = ButtonExtensions;
			productReference = 188824C620440BC100D9DFB4 /* ButtonExtensions.app */;
			productType = "com.apple.product-type.application";
		};
/* End PBXNativeTarget section */

/* Begin PBXProject section */
		188824BE20440BC000D9DFB4 /* Project object */ = {
			isa = PBXProject;
			attributes = {
				LastSwiftUpdateCheck = 0920;
				LastUpgradeCheck = 0920;
				ORGANIZATIONNAME = Vignesh;
				TargetAttributes = {
					188824C520440BC100D9DFB4 = {
						CreatedOnToolsVersion = 9.2;
						ProvisioningStyle = Automatic;
					};
				};
			};
			buildConfigurationList = 188824C120440BC000D9DFB4 /* Build configuration list for PBXProject "ButtonExtensions" */;
			compatibilityVersion = "Xcode 8.0";
			developmentRegion = en;
			hasScannedForEncodings = 0;
			knownRegions = (
				en,
				Base,
			);
			mainGroup = 188824BD20440BC000D9DFB4;
			productRefGroup = 188824C720440BC100D9DFB4 /* Products */;
			projectDirPath = "";
			projectRoot = "";
			targets = (
				188824C520440BC100D9DFB4 /* ButtonExtensions */,
			);
		};
/* End PBXProject section */

/* Begin PBXResourcesBuildPhase section */
		188824C420440BC100D9DFB4 /* Resources */ = {
			isa = PBXResourcesBuildPhase;
			buildActionMask = 2147483647;
			files = (
				188824D420440BC100D9DFB4 /* LaunchScreen.storyboard in Resources */,
				188824D120440BC100D9DFB4 /* Assets.xcassets in Resources */,
				188824CF20440BC100D9DFB4 /* Main.storyboard in Resources */,
			);
			runOnlyForDeploymentPostprocessing = 0;
		};
/* End PBXResourcesBuildPhase section */

/* Begin PBXSourcesBuildPhase section */
		188824C220440BC100D9DFB4 /* Sources */ = {
			isa = PBXSourcesBuildPhase;
			buildActionMask = 2147483647;
			files = (
				188824DC20440D0800D9DFB4 /* ButtonExtensions.swift in Sources */,
				188824CC20440BC100D9DFB4 /* ViewController.swift in Sources */,
				188824CA20440BC100D9DFB4 /* AppDelegate.swift in Sources */,
				188824DE2044134000D9DFB4 /* Helpers.swift in Sources */,
			);
			runOnlyForDeploymentPostprocessing = 0;
		};
/* End PBXSourcesBuildPhase section */

/* Begin PBXVariantGroup section */
		188824CD20440BC100D9DFB4 /* Main.storyboard */ = {
			isa = PBXVariantGroup;
			children = (
				188824CE20440BC100D9DFB4 /* Base */,
			);
			name = Main.storyboard;
			sourceTree = "<group>";
		};
		188824D220440BC100D9DFB4 /* LaunchScreen.storyboard */ = {
			isa = PBXVariantGroup;
			children = (
				188824D320440BC100D9DFB4 /* Base */,
			);
			name = LaunchScreen.storyboard;
			sourceTree = "<group>";
		};
/* End PBXVariantGroup section */

/* Begin XCBuildConfiguration section */
		188824D620440BC100D9DFB4 /* Debug */ = {
			isa = XCBuildConfiguration;
			buildSettings = {
				ALWAYS_SEARCH_USER_PATHS = NO;
				CLANG_ANALYZER_NONNULL = YES;
				CLANG_ANALYZER_NUMBER_OBJECT_CONVERSION = YES_AGGRESSIVE;
				CLANG_CXX_LANGUAGE_STANDARD = "gnu++14";
				CLANG_CXX_LIBRARY = "libc++";
				CLANG_ENABLE_MODULES = YES;
				CLANG_ENABLE_OBJC_ARC = YES;
				CLANG_WARN_BLOCK_CAPTURE_AUTORELEASING = YES;
				CLANG_WARN_BOOL_CONVERSION = YES;
				CLANG_WARN_COMMA = YES;
				CLANG_WARN_CONSTANT_CONVERSION = YES;
				CLANG_WARN_DIRECT_OBJC_ISA_USAGE = YES_ERROR;
				CLANG_WARN_DOCUMENTATION_COMMENTS = YES;
				CLANG_WARN_EMPTY_BODY = YES;
				CLANG_WARN_ENUM_CONVERSION = YES;
				CLANG_WARN_INFINITE_RECURSION = YES;
				CLANG_WARN_INT_CONVERSION = YES;
				CLANG_WARN_NON_LITERAL_NULL_CONVERSION = YES;
				CLANG_WARN_OBJC_LITERAL_CONVERSION = YES;
				CLANG_WARN_OBJC_ROOT_CLASS = YES_ERROR;
				CLANG_WARN_RANGE_LOOP_ANALYSIS = YES;
				CLANG_WARN_STRICT_PROTOTYPES = YES;
				CLANG_WARN_SUSPICIOUS_MOVE = YES;
				CLANG_WARN_UNGUARDED_AVAILABILITY = YES_AGGRESSIVE;
				CLANG_WARN_UNREACHABLE_CODE = YES;
				CLANG_WARN__DUPLICATE_METHOD_MATCH = YES;
				CODE_SIGN_IDENTITY = "iPhone Developer";
				COPY_PHASE_STRIP = NO;
				DEBUG_INFORMATION_FORMAT = dwarf;
				ENABLE_STRICT_OBJC_MSGSEND = YES;
				ENABLE_TESTABILITY = YES;
				GCC_C_LANGUAGE_STANDARD = gnu11;
				GCC_DYNAMIC_NO_PIC = NO;
				GCC_NO_COMMON_BLOCKS = YES;
				GCC_OPTIMIZATION_LEVEL = 0;
				GCC_PREPROCESSOR_DEFINITIONS = (
					"DEBUG=1",
					"$(inherited)",
				);
				GCC_WARN_64_TO_32_BIT_CONVERSION = YES;
				GCC_WARN_ABOUT_RETURN_TYPE = YES_ERROR;
				GCC_WARN_UNDECLARED_SELECTOR = YES;
				GCC_WARN_UNINITIALIZED_AUTOS = YES_AGGRESSIVE;
				GCC_WARN_UNUSED_FUNCTION = YES;
				GCC_WARN_UNUSED_VARIABLE = YES;
				IPHONEOS_DEPLOYMENT_TARGET = 11.2;
				MTL_ENABLE_DEBUG_INFO = YES;
				ONLY_ACTIVE_ARCH = YES;
				SDKROOT = iphoneos;
				SWIFT_ACTIVE_COMPILATION_CONDITIONS = DEBUG;
				SWIFT_OPTIMIZATION_LEVEL = "-Onone";
			};
			name = Debug;
		};
		188824D720440BC100D9DFB4 /* Release */ = {
			isa = XCBuildConfiguration;
			buildSettings = {
				ALWAYS_SEARCH_USER_PATHS = NO;
				CLANG_ANALYZER_NONNULL = YES;
				CLANG_ANALYZER_NUMBER_OBJECT_CONVERSION = YES_AGGRESSIVE;
				CLANG_CXX_LANGUAGE_STANDARD = "gnu++14";
				CLANG_CXX_LIBRARY = "libc++";
				CLANG_ENABLE_MODULES = YES;
				CLANG_ENABLE_OBJC_ARC = YES;
				CLANG_WARN_BLOCK_CAPTURE_AUTORELEASING = YES;
				CLANG_WARN_BOOL_CONVERSION = YES;
				CLANG_WARN_COMMA = YES;
				CLANG_WARN_CONSTANT_CONVERSION = YES;
				CLANG_WARN_DIRECT_OBJC_ISA_USAGE = YES_ERROR;
				CLANG_WARN_DOCUMENTATION_COMMENTS = YES;
				CLANG_WARN_EMPTY_BODY = YES;
				CLANG_WARN_ENUM_CONVERSION = YES;
				CLANG_WARN_INFINITE_RECURSION = YES;
				CLANG_WARN_INT_CONVERSION = YES;
				CLANG_WARN_NON_LITERAL_NULL_CONVERSION = YES;
				CLANG_WARN_OBJC_LITERAL_CONVERSION = YES;
				CLANG_WARN_OBJC_ROOT_CLASS = YES_ERROR;
				CLANG_WARN_RANGE_LOOP_ANALYSIS = YES;
				CLANG_WARN_STRICT_PROTOTYPES = YES;
				CLANG_WARN_SUSPICIOUS_MOVE = YES;
				CLANG_WARN_UNGUARDED_AVAILABILITY = YES_AGGRESSIVE;
				CLANG_WARN_UNREACHABLE_CODE = YES;
				CLANG_WARN__DUPLICATE_METHOD_MATCH = YES;
				CODE_SIGN_IDENTITY = "iPhone Developer";
				COPY_PHASE_STRIP = NO;
				DEBUG_INFORMATION_FORMAT = "dwarf-with-dsym";
				ENABLE_NS_ASSERTIONS = NO;
				ENABLE_STRICT_OBJC_MSGSEND = YES;
				GCC_C_LANGUAGE_STANDARD = gnu11;
				GCC_NO_COMMON_BLOCKS = YES;
				GCC_WARN_64_TO_32_BIT_CONVERSION = YES;
				GCC_WARN_ABOUT_RETURN_TYPE = YES_ERROR;
				GCC_WARN_UNDECLARED_SELECTOR = YES;
				GCC_WARN_UNINITIALIZED_AUTOS = YES_AGGRESSIVE;
				GCC_WARN_UNUSED_FUNCTION = YES;
				GCC_WARN_UNUSED_VARIABLE = YES;
				IPHONEOS_DEPLOYMENT_TARGET = 11.2;
				MTL_ENABLE_DEBUG_INFO = NO;
				SDKROOT = iphoneos;
				SWIFT_OPTIMIZATION_LEVEL = "-Owholemodule";
				VALIDATE_PRODUCT = YES;
			};
			name = Release;
		};
		188824D920440BC100D9DFB4 /* Debug */ = {
			isa = XCBuildConfiguration;
			buildSettings = {
				ASSETCATALOG_COMPILER_APPICON_NAME = AppIcon;
				CODE_SIGN_STYLE = Automatic;
				DEVELOPMENT_TEAM = 5Q83Y4W332;
				INFOPLIST_FILE = ButtonExtensions/Info.plist;
				LD_RUNPATH_SEARCH_PATHS = "$(inherited) @executable_path/Frameworks";
				PRODUCT_BUNDLE_IDENTIFIER = com.vignesh.ButtonExtensions;
				PRODUCT_NAME = "$(TARGET_NAME)";
				SWIFT_VERSION = 4.0;
				TARGETED_DEVICE_FAMILY = "1,2";
			};
			name = Debug;
		};
		188824DA20440BC100D9DFB4 /* Release */ = {
			isa = XCBuildConfiguration;
			buildSettings = {
				ASSETCATALOG_COMPILER_APPICON_NAME = AppIcon;
				CODE_SIGN_STYLE = Automatic;
				DEVELOPMENT_TEAM = 5Q83Y4W332;
				INFOPLIST_FILE = ButtonExtensions/Info.plist;
				LD_RUNPATH_SEARCH_PATHS = "$(inherited) @executable_path/Frameworks";
				PRODUCT_BUNDLE_IDENTIFIER = com.vignesh.ButtonExtensions;
				PRODUCT_NAME = "$(TARGET_NAME)";
				SWIFT_VERSION = 4.0;
				TARGETED_DEVICE_FAMILY = "1,2";
			};
			name = Release;
		};
/* End XCBuildConfiguration section */

/* Begin XCConfigurationList section */
		188824C120440BC000D9DFB4 /* Build configuration list for PBXProject "ButtonExtensions" */ = {
			isa = XCConfigurationList;
			buildConfigurations = (
				188824D620440BC100D9DFB4 /* Debug */,
				188824D720440BC100D9DFB4 /* Release */,
			);
			defaultConfigurationIsVisible = 0;
			defaultConfigurationName = Release;
		};
		188824D820440BC100D9DFB4 /* Build configuration list for PBXNativeTarget "ButtonExtensions" */ = {
			isa = XCConfigurationList;
			buildConfigurations = (
				188824D920440BC100D9DFB4 /* Debug */,
				188824DA20440BC100D9DFB4 /* Release */,
			);
			defaultConfigurationIsVisible = 0;
			defaultConfigurationName = Release;
		};
/* End XCConfigurationList section */
	};
	rootObject = 188824BE20440BC000D9DFB4 /* Project object */;
}
